// !$*UTF8*$!
{
	archiveVersion = 1;
	classes = {
	};
	objectVersion = 46;
	objects = {

/* Begin PBXBuildFile section */
		D204E010190E2682006DF8DB /* Foundation.framework in Frameworks */ = {isa = PBXBuildFile; fileRef = D204E00F190E2682006DF8DB /* Foundation.framework */; };
		D204E012190E2682006DF8DB /* CoreGraphics.framework in Frameworks */ = {isa = PBXBuildFile; fileRef = D204E011190E2682006DF8DB /* CoreGraphics.framework */; };
		D204E014190E2682006DF8DB /* UIKit.framework in Frameworks */ = {isa = PBXBuildFile; fileRef = D204E013190E2682006DF8DB /* UIKit.framework */; };
		D204E01A190E2682006DF8DB /* InfoPlist.strings in Resources */ = {isa = PBXBuildFile; fileRef = D204E018190E2682006DF8DB /* InfoPlist.strings */; };
		D204E01C190E2682006DF8DB /* main.m in Sources */ = {isa = PBXBuildFile; fileRef = D204E01B190E2682006DF8DB /* main.m */; };
		D204E020190E2682006DF8DB /* AppDelegate.m in Sources */ = {isa = PBXBuildFile; fileRef = D204E01F190E2682006DF8DB /* AppDelegate.m */; };
		D204E023190E2682006DF8DB /* Main_iPhone.storyboard in Resources */ = {isa = PBXBuildFile; fileRef = D204E021190E2682006DF8DB /* Main_iPhone.storyboard */; };
		D204E026190E2682006DF8DB /* Main_iPad.storyboard in Resources */ = {isa = PBXBuildFile; fileRef = D204E024190E2682006DF8DB /* Main_iPad.storyboard */; };
		D204E029190E2682006DF8DB /* ViewController.m in Sources */ = {isa = PBXBuildFile; fileRef = D204E028190E2682006DF8DB /* ViewController.m */; };
		D204E02B190E2682006DF8DB /* Images.xcassets in Resources */ = {isa = PBXBuildFile; fileRef = D204E02A190E2682006DF8DB /* Images.xcassets */; };
		D204E032190E2682006DF8DB /* XCTest.framework in Frameworks */ = {isa = PBXBuildFile; fileRef = D204E031190E2682006DF8DB /* XCTest.framework */; };
		D204E033190E2682006DF8DB /* Foundation.framework in Frameworks */ = {isa = PBXBuildFile; fileRef = D204E00F190E2682006DF8DB /* Foundation.framework */; };
		D204E034190E2682006DF8DB /* UIKit.framework in Frameworks */ = {isa = PBXBuildFile; fileRef = D204E013190E2682006DF8DB /* UIKit.framework */; };
		D204E03C190E2682006DF8DB /* InfoPlist.strings in Resources */ = {isa = PBXBuildFile; fileRef = D204E03A190E2682006DF8DB /* InfoPlist.strings */; };
		D204E03E190E2682006DF8DB /* CustomAuthTests.m in Sources */ = {isa = PBXBuildFile; fileRef = D204E03D190E2682006DF8DB /* CustomAuthTests.m */; };
		D204E04A190E26DC006DF8DB /* Auth.m in Sources */ = {isa = PBXBuildFile; fileRef = D204E049190E26DC006DF8DB /* Auth.m */; };
		D204E04D190E9F3B006DF8DB /* RSAEncypt.m in Sources */ = {isa = PBXBuildFile; fileRef = D204E04C190E9F3B006DF8DB /* RSAEncypt.m */; };
		D204E0531919C935006DF8DB /* HttpPostOperator.m in Sources */ = {isa = PBXBuildFile; fileRef = D204E0521919C935006DF8DB /* HttpPostOperator.m */; };
/* End PBXBuildFile section */

/* Begin PBXContainerItemProxy section */
		D204E035190E2682006DF8DB /* PBXContainerItemProxy */ = {
			isa = PBXContainerItemProxy;
			containerPortal = D204E004190E2682006DF8DB /* Project object */;
			proxyType = 1;
			remoteGlobalIDString = D204E00B190E2682006DF8DB;
			remoteInfo = CustomAuth;
		};
/* End PBXContainerItemProxy section */

/* Begin PBXFileReference section */
		D204E00C190E2682006DF8DB /* CustomAuth.app */ = {isa = PBXFileReference; explicitFileType = wrapper.application; includeInIndex = 0; path = CustomAuth.app; sourceTree = BUILT_PRODUCTS_DIR; };
		D204E00F190E2682006DF8DB /* Foundation.framework */ = {isa = PBXFileReference; lastKnownFileType = wrapper.framework; name = Foundation.framework; path = System/Library/Frameworks/Foundation.framework; sourceTree = SDKROOT; };
		D204E011190E2682006DF8DB /* CoreGraphics.framework */ = {isa = PBXFileReference; lastKnownFileType = wrapper.framework; name = CoreGraphics.framework; path = System/Library/Frameworks/CoreGraphics.framework; sourceTree = SDKROOT; };
		D204E013190E2682006DF8DB /* UIKit.framework */ = {isa = PBXFileReference; lastKnownFileType = wrapper.framework; name = UIKit.framework; path = System/Library/Frameworks/UIKit.framework; sourceTree = SDKROOT; };
		D204E017190E2682006DF8DB /* CustomAuth-Info.plist */ = {isa = PBXFileReference; lastKnownFileType = text.plist.xml; path = "CustomAuth-Info.plist"; sourceTree = "<group>"; };
		D204E019190E2682006DF8DB /* en */ = {isa = PBXFileReference; lastKnownFileType = text.plist.strings; name = en; path = en.lproj/InfoPlist.strings; sourceTree = "<group>"; };
		D204E01B190E2682006DF8DB /* main.m */ = {isa = PBXFileReference; lastKnownFileType = sourcecode.c.objc; path = main.m; sourceTree = "<group>"; };
		D204E01D190E2682006DF8DB /* CustomAuth-Prefix.pch */ = {isa = PBXFileReference; lastKnownFileType = sourcecode.c.h; path = "CustomAuth-Prefix.pch"; sourceTree = "<group>"; };
		D204E01E190E2682006DF8DB /* AppDelegate.h */ = {isa = PBXFileReference; lastKnownFileType = sourcecode.c.h; path = AppDelegate.h; sourceTree = "<group>"; };
		D204E01F190E2682006DF8DB /* AppDelegate.m */ = {isa = PBXFileReference; lastKnownFileType = sourcecode.c.objc; path = AppDelegate.m; sourceTree = "<group>"; };
		D204E022190E2682006DF8DB /* Base */ = {isa = PBXFileReference; lastKnownFileType = file.storyboard; name = Base; path = Base.lproj/Main_iPhone.storyboard; sourceTree = "<group>"; };
		D204E025190E2682006DF8DB /* Base */ = {isa = PBXFileReference; lastKnownFileType = file.storyboard; name = Base; path = Base.lproj/Main_iPad.storyboard; sourceTree = "<group>"; };
		D204E027190E2682006DF8DB /* ViewController.h */ = {isa = PBXFileReference; lastKnownFileType = sourcecode.c.h; path = ViewController.h; sourceTree = "<group>"; };
		D204E028190E2682006DF8DB /* ViewController.m */ = {isa = PBXFileReference; lastKnownFileType = sourcecode.c.objc; path = ViewController.m; sourceTree = "<group>"; };
		D204E02A190E2682006DF8DB /* Images.xcassets */ = {isa = PBXFileReference; lastKnownFileType = folder.assetcatalog; path = Images.xcassets; sourceTree = "<group>"; };
		D204E030190E2682006DF8DB /* CustomAuthTests.xctest */ = {isa = PBXFileReference; explicitFileType = wrapper.cfbundle; includeInIndex = 0; path = CustomAuthTests.xctest; sourceTree = BUILT_PRODUCTS_DIR; };
		D204E031190E2682006DF8DB /* XCTest.framework */ = {isa = PBXFileReference; lastKnownFileType = wrapper.framework; name = XCTest.framework; path = Library/Frameworks/XCTest.framework; sourceTree = DEVELOPER_DIR; };
		D204E039190E2682006DF8DB /* CustomAuthTests-Info.plist */ = {isa = PBXFileReference; lastKnownFileType = text.plist.xml; path = "CustomAuthTests-Info.plist"; sourceTree = "<group>"; };
		D204E03B190E2682006DF8DB /* en */ = {isa = PBXFileReference; lastKnownFileType = text.plist.strings; name = en; path = en.lproj/InfoPlist.strings; sourceTree = "<group>"; };
		D204E03D190E2682006DF8DB /* CustomAuthTests.m */ = {isa = PBXFileReference; lastKnownFileType = sourcecode.c.objc; path = CustomAuthTests.m; sourceTree = "<group>"; };
		D204E048190E26DC006DF8DB /* Auth.h */ = {isa = PBXFileReference; fileEncoding = 4; lastKnownFileType = sourcecode.c.h; path = Auth.h; sourceTree = "<group>"; };
		D204E049190E26DC006DF8DB /* Auth.m */ = {isa = PBXFileReference; fileEncoding = 4; lastKnownFileType = sourcecode.c.objc; path = Auth.m; sourceTree = "<group>"; };
		D204E04B190E9F3B006DF8DB /* RSAEncypt.h */ = {isa = PBXFileReference; fileEncoding = 4; lastKnownFileType = sourcecode.c.h; path = RSAEncypt.h; sourceTree = "<group>"; };
		D204E04C190E9F3B006DF8DB /* RSAEncypt.m */ = {isa = PBXFileReference; fileEncoding = 4; lastKnownFileType = sourcecode.c.objc; path = RSAEncypt.m; sourceTree = "<group>"; };
		D204E0511919C935006DF8DB /* HttpPostOperator.h */ = {isa = PBXFileReference; fileEncoding = 4; lastKnownFileType = sourcecode.c.h; path = HttpPostOperator.h; sourceTree = "<group>"; };
		D204E0521919C935006DF8DB /* HttpPostOperator.m */ = {isa = PBXFileReference; fileEncoding = 4; lastKnownFileType = sourcecode.c.objc; path = HttpPostOperator.m; sourceTree = "<group>"; };
/* End PBXFileReference section */

/* Begin PBXFrameworksBuildPhase section */
		D204E009190E2682006DF8DB /* Frameworks */ = {
			isa = PBXFrameworksBuildPhase;
			buildActionMask = 2147483647;
			files = (
				D204E012190E2682006DF8DB /* CoreGraphics.framework in Frameworks */,
				D204E014190E2682006DF8DB /* UIKit.framework in Frameworks */,
				D204E010190E2682006DF8DB /* Foundation.framework in Frameworks */,
			);
			runOnlyForDeploymentPostprocessing = 0;
		};
		D204E02D190E2682006DF8DB /* Frameworks */ = {
			isa = PBXFrameworksBuildPhase;
			buildActionMask = 2147483647;
			files = (
				D204E032190E2682006DF8DB /* XCTest.framework in Frameworks */,
				D204E034190E2682006DF8DB /* UIKit.framework in Frameworks */,
				D204E033190E2682006DF8DB /* Foundation.framework in Frameworks */,
			);
			runOnlyForDeploymentPostprocessing = 0;
		};
/* End PBXFrameworksBuildPhase section */

/* Begin PBXGroup section */
		D204E003190E2682006DF8DB = {
			isa = PBXGroup;
			children = (
				D204E015190E2682006DF8DB /* CustomAuth */,
				D204E037190E2682006DF8DB /* CustomAuthTests */,
				D204E00E190E2682006DF8DB /* Frameworks */,
				D204E00D190E2682006DF8DB /* Products */,
			);
			sourceTree = "<group>";
		};
		D204E00D190E2682006DF8DB /* Products */ = {
			isa = PBXGroup;
			children = (
				D204E00C190E2682006DF8DB /* CustomAuth.app */,
				D204E030190E2682006DF8DB /* CustomAuthTests.xctest */,
			);
			name = Products;
			sourceTree = "<group>";
		};
		D204E00E190E2682006DF8DB /* Frameworks */ = {
			isa = PBXGroup;
			children = (
				D204E00F190E2682006DF8DB /* Foundation.framework */,
				D204E011190E2682006DF8DB /* CoreGraphics.framework */,
				D204E013190E2682006DF8DB /* UIKit.framework */,
				D204E031190E2682006DF8DB /* XCTest.framework */,
			);
			name = Frameworks;
			sourceTree = "<group>";
		};
		D204E015190E2682006DF8DB /* CustomAuth */ = {
			isa = PBXGroup;
			children = (
				D204E047190E26BD006DF8DB /* Auth */,
				D204E01E190E2682006DF8DB /* AppDelegate.h */,
				D204E01F190E2682006DF8DB /* AppDelegate.m */,
				D204E021190E2682006DF8DB /* Main_iPhone.storyboard */,
				D204E024190E2682006DF8DB /* Main_iPad.storyboard */,
				D204E027190E2682006DF8DB /* ViewController.h */,
				D204E028190E2682006DF8DB /* ViewController.m */,
				D204E02A190E2682006DF8DB /* Images.xcassets */,
				D204E016190E2682006DF8DB /* Supporting Files */,
			);
			path = CustomAuth;
			sourceTree = "<group>";
		};
		D204E016190E2682006DF8DB /* Supporting Files */ = {
			isa = PBXGroup;
			children = (
				D204E017190E2682006DF8DB /* CustomAuth-Info.plist */,
				D204E018190E2682006DF8DB /* InfoPlist.strings */,
				D204E01B190E2682006DF8DB /* main.m */,
				D204E01D190E2682006DF8DB /* CustomAuth-Prefix.pch */,
			);
			name = "Supporting Files";
			sourceTree = "<group>";
		};
		D204E037190E2682006DF8DB /* CustomAuthTests */ = {
			isa = PBXGroup;
			children = (
				D204E03D190E2682006DF8DB /* CustomAuthTests.m */,
				D204E038190E2682006DF8DB /* Supporting Files */,
			);
			path = CustomAuthTests;
			sourceTree = "<group>";
		};
		D204E038190E2682006DF8DB /* Supporting Files */ = {
			isa = PBXGroup;
			children = (
				D204E039190E2682006DF8DB /* CustomAuthTests-Info.plist */,
				D204E03A190E2682006DF8DB /* InfoPlist.strings */,
			);
			name = "Supporting Files";
			sourceTree = "<group>";
		};
		D204E047190E26BD006DF8DB /* Auth */ = {
			isa = PBXGroup;
			children = (
				D204E048190E26DC006DF8DB /* Auth.h */,
				D204E049190E26DC006DF8DB /* Auth.m */,
				D204E04B190E9F3B006DF8DB /* RSAEncypt.h */,
				D204E04C190E9F3B006DF8DB /* RSAEncypt.m */,
				D204E0511919C935006DF8DB /* HttpPostOperator.h */,
				D204E0521919C935006DF8DB /* HttpPostOperator.m */,
			);
			name = Auth;
			sourceTree = "<group>";
		};
/* End PBXGroup section */

/* Begin PBXNativeTarget section */
		D204E00B190E2682006DF8DB /* CustomAuth */ = {
			isa = PBXNativeTarget;
			buildConfigurationList = D204E041190E2682006DF8DB /* Build configuration list for PBXNativeTarget "CustomAuth" */;
			buildPhases = (
				D204E008190E2682006DF8DB /* Sources */,
				D204E009190E2682006DF8DB /* Frameworks */,
				D204E00A190E2682006DF8DB /* Resources */,
			);
			buildRules = (
			);
			dependencies = (
			);
			name = CustomAuth;
			productName = CustomAuth;
			productReference = D204E00C190E2682006DF8DB /* CustomAuth.app */;
			productType = "com.apple.product-type.application";
		};
		D204E02F190E2682006DF8DB /* CustomAuthTests */ = {
			isa = PBXNativeTarget;
			buildConfigurationList = D204E044190E2682006DF8DB /* Build configuration list for PBXNativeTarget "CustomAuthTests" */;
			buildPhases = (
				D204E02C190E2682006DF8DB /* Sources */,
				D204E02D190E2682006DF8DB /* Frameworks */,
				D204E02E190E2682006DF8DB /* Resources */,
			);
			buildRules = (
			);
			dependencies = (
				D204E036190E2682006DF8DB /* PBXTargetDependency */,
			);
			name = CustomAuthTests;
			productName = CustomAuthTests;
			productReference = D204E030190E2682006DF8DB /* CustomAuthTests.xctest */;
			productType = "com.apple.product-type.bundle.unit-test";
		};
/* End PBXNativeTarget section */

/* Begin PBXProject section */
		D204E004190E2682006DF8DB /* Project object */ = {
			isa = PBXProject;
			attributes = {
				LastUpgradeCheck = 0510;
				ORGANIZATIONNAME = twob;
				TargetAttributes = {
					D204E02F190E2682006DF8DB = {
						TestTargetID = D204E00B190E2682006DF8DB;
					};
				};
			};
			buildConfigurationList = D204E007190E2682006DF8DB /* Build configuration list for PBXProject "CustomAuth" */;
			compatibilityVersion = "Xcode 3.2";
			developmentRegion = English;
			hasScannedForEncodings = 0;
			knownRegions = (
				en,
				Base,
			);
			mainGroup = D204E003190E2682006DF8DB;
			productRefGroup = D204E00D190E2682006DF8DB /* Products */;
			projectDirPath = "";
			projectRoot = "";
			targets = (
				D204E00B190E2682006DF8DB /* CustomAuth */,
				D204E02F190E2682006DF8DB /* CustomAuthTests */,
			);
		};
/* End PBXProject section */

/* Begin PBXResourcesBuildPhase section */
		D204E00A190E2682006DF8DB /* Resources */ = {
			isa = PBXResourcesBuildPhase;
			buildActionMask = 2147483647;
			files = (
				D204E026190E2682006DF8DB /* Main_iPad.storyboard in Resources */,
				D204E02B190E2682006DF8DB /* Images.xcassets in Resources */,
				D204E023190E2682006DF8DB /* Main_iPhone.storyboard in Resources */,
				D204E01A190E2682006DF8DB /* InfoPlist.strings in Resources */,
			);
			runOnlyForDeploymentPostprocessing = 0;
		};
		D204E02E190E2682006DF8DB /* Resources */ = {
			isa = PBXResourcesBuildPhase;
			buildActionMask = 2147483647;
			files = (
				D204E03C190E2682006DF8DB /* InfoPlist.strings in Resources */,
			);
			runOnlyForDeploymentPostprocessing = 0;
		};
/* End PBXResourcesBuildPhase section */

/* Begin PBXSourcesBuildPhase section */
		D204E008190E2682006DF8DB /* Sources */ = {
			isa = PBXSourcesBuildPhase;
			buildActionMask = 2147483647;
			files = (
				D204E029190E2682006DF8DB /* ViewController.m in Sources */,
				D204E0531919C935006DF8DB /* HttpPostOperator.m in Sources */,
				D204E020190E2682006DF8DB /* AppDelegate.m in Sources */,
				D204E01C190E2682006DF8DB /* main.m in Sources */,
				D204E04D190E9F3B006DF8DB /* RSAEncypt.m in Sources */,
				D204E04A190E26DC006DF8DB /* Auth.m in Sources */,
			);
			runOnlyForDeploymentPostprocessing = 0;
		};
		D204E02C190E2682006DF8DB /* Sources */ = {
			isa = PBXSourcesBuildPhase;
			buildActionMask = 2147483647;
			files = (
				D204E03E190E2682006DF8DB /* CustomAuthTests.m in Sources */,
			);
			runOnlyForDeploymentPostprocessing = 0;
		};
/* End PBXSourcesBuildPhase section */

/* Begin PBXTargetDependency section */
		D204E036190E2682006DF8DB /* PBXTargetDependency */ = {
			isa = PBXTargetDependency;
			target = D204E00B190E2682006DF8DB /* CustomAuth */;
			targetProxy = D204E035190E2682006DF8DB /* PBXContainerItemProxy */;
		};
/* End PBXTargetDependency section */

/* Begin PBXVariantGroup section */
		D204E018190E2682006DF8DB /* InfoPlist.strings */ = {
			isa = PBXVariantGroup;
			children = (
				D204E019190E2682006DF8DB /* en */,
			);
			name = InfoPlist.strings;
			sourceTree = "<group>";
		};
		D204E021190E2682006DF8DB /* Main_iPhone.storyboard */ = {
			isa = PBXVariantGroup;
			children = (
				D204E022190E2682006DF8DB /* Base */,
			);
			name = Main_iPhone.storyboard;
			sourceTree = "<group>";
		};
		D204E024190E2682006DF8DB /* Main_iPad.storyboard */ = {
			isa = PBXVariantGroup;
			children = (
				D204E025190E2682006DF8DB /* Base */,
			);
			name = Main_iPad.storyboard;
			sourceTree = "<group>";
		};
		D204E03A190E2682006DF8DB /* InfoPlist.strings */ = {
			isa = PBXVariantGroup;
			children = (
				D204E03B190E2682006DF8DB /* en */,
			);
			name = InfoPlist.strings;
			sourceTree = "<group>";
		};
/* End PBXVariantGroup section */

/* Begin XCBuildConfiguration section */
		D204E03F190E2682006DF8DB /* Debug */ = {
			isa = XCBuildConfiguration;
			buildSettings = {
				ALWAYS_SEARCH_USER_PATHS = NO;
				CLANG_CXX_LANGUAGE_STANDARD = "gnu++0x";
				CLANG_CXX_LIBRARY = "libc++";
				CLANG_ENABLE_MODULES = YES;
				CLANG_ENABLE_OBJC_ARC = YES;
				CLANG_WARN_BOOL_CONVERSION = YES;
				CLANG_WARN_CONSTANT_CONVERSION = YES;
				CLANG_WARN_DIRECT_OBJC_ISA_USAGE = YES_ERROR;
				CLANG_WARN_EMPTY_BODY = YES;
				CLANG_WARN_ENUM_CONVERSION = YES;
				CLANG_WARN_INT_CONVERSION = YES;
				CLANG_WARN_OBJC_ROOT_CLASS = YES_ERROR;
				CLANG_WARN__DUPLICATE_METHOD_MATCH = YES;
				"CODE_SIGN_IDENTITY[sdk=iphoneos*]" = "iPhone Developer";
				COPY_PHASE_STRIP = NO;
				GCC_C_LANGUAGE_STANDARD = gnu99;
				GCC_DYNAMIC_NO_PIC = NO;
				GCC_OPTIMIZATION_LEVEL = 0;
				GCC_PREPROCESSOR_DEFINITIONS = (
					"DEBUG=1",
					"$(inherited)",
				);
				GCC_SYMBOLS_PRIVATE_EXTERN = NO;
				GCC_WARN_64_TO_32_BIT_CONVERSION = YES;
				GCC_WARN_ABOUT_RETURN_TYPE = YES_ERROR;
				GCC_WARN_UNDECLARED_SELECTOR = YES;
				GCC_WARN_UNINITIALIZED_AUTOS = YES_AGGRESSIVE;
				GCC_WARN_UNUSED_FUNCTION = YES;
				GCC_WARN_UNUSED_VARIABLE = YES;
				IPHONEOS_DEPLOYMENT_TARGET = 7.1;
				ONLY_ACTIVE_ARCH = YES;
				SDKROOT = iphoneos;
				TARGETED_DEVICE_FAMILY = "1,2";
			};
			name = Debug;
		};
		D204E040190E2682006DF8DB /* Release */ = {
			isa = XCBuildConfiguration;
			buildSettings = {
				ALWAYS_SEARCH_USER_PATHS = NO;
				CLANG_CXX_LANGUAGE_STANDARD = "gnu++0x";
				CLANG_CXX_LIBRARY = "libc++";
				CLANG_ENABLE_MODULES = YES;
				CLANG_ENABLE_OBJC_ARC = YES;
				CLANG_WARN_BOOL_CONVERSION = YES;
				CLANG_WARN_CONSTANT_CONVERSION = YES;
				CLANG_WARN_DIRECT_OBJC_ISA_USAGE = YES_ERROR;
				CLANG_WARN_EMPTY_BODY = YES;
				CLANG_WARN_ENUM_CONVERSION = YES;
				CLANG_WARN_INT_CONVERSION = YES;
				CLANG_WARN_OBJC_ROOT_CLASS = YES_ERROR;
				CLANG_WARN__DUPLICATE_METHOD_MATCH = YES;
				"CODE_SIGN_IDENTITY[sdk=iphoneos*]" = "iPhone Developer";
				COPY_PHASE_STRIP = YES;
				ENABLE_NS_ASSERTIONS = NO;
				GCC_C_LANGUAGE_STANDARD = gnu99;
				GCC_WARN_64_TO_32_BIT_CONVERSION = YES;
				GCC_WARN_ABOUT_RETURN_TYPE = YES_ERROR;
				GCC_WARN_UNDECLARED_SELECTOR = YES;
				GCC_WARN_UNINITIALIZED_AUTOS = YES_AGGRESSIVE;
				GCC_WARN_UNUSED_FUNCTION = YES;
				GCC_WARN_UNUSED_VARIABLE = YES;
				IPHONEOS_DEPLOYMENT_TARGET = 7.1;
				SDKROOT = iphoneos;
				TARGETED_DEVICE_FAMILY = "1,2";
				VALIDATE_PRODUCT = YES;
			};
			name = Release;
		};
		D204E042190E2682006DF8DB /* Debug */ = {
			isa = XCBuildConfiguration;
			buildSettings = {
				ASSETCATALOG_COMPILER_APPICON_NAME = AppIcon;
				ASSETCATALOG_COMPILER_LAUNCHIMAGE_NAME = LaunchImage;
				GCC_PRECOMPILE_PREFIX_HEADER = YES;
				GCC_PREFIX_HEADER = "CustomAuth/CustomAuth-Prefix.pch";
				INFOPLIST_FILE = "CustomAuth/CustomAuth-Info.plist";
				PRODUCT_NAME = "$(TARGET_NAME)";
				WRAPPER_EXTENSION = app;
			};
			name = Debug;
		};
		D204E043190E2682006DF8DB /* Release */ = {
			isa = XCBuildConfiguration;
			buildSettings = {
				ASSETCATALOG_COMPILER_APPICON_NAME = AppIcon;
				ASSETCATALOG_COMPILER_LAUNCHIMAGE_NAME = LaunchImage;
				GCC_PRECOMPILE_PREFIX_HEADER = YES;
				GCC_PREFIX_HEADER = "CustomAuth/CustomAuth-Prefix.pch";
				INFOPLIST_FILE = "CustomAuth/CustomAuth-Info.plist";
				PRODUCT_NAME = "$(TARGET_NAME)";
				WRAPPER_EXTENSION = app;
			};
			name = Release;
		};
		D204E045190E2682006DF8DB /* Debug */ = {
			isa = XCBuildConfiguration;
			buildSettings = {
				BUNDLE_LOADER = "$(BUILT_PRODUCTS_DIR)/CustomAuth.app/CustomAuth";
				FRAMEWORK_SEARCH_PATHS = (
					"$(SDKROOT)/Developer/Library/Frameworks",
					"$(inherited)",
					"$(DEVELOPER_FRAMEWORKS_DIR)",
				);
				GCC_PRECOMPILE_PREFIX_HEADER = YES;
				GCC_PREFIX_HEADER = "CustomAuth/CustomAuth-Prefix.pch";
				GCC_PREPROCESSOR_DEFINITIONS = (
					"DEBUG=1",
					"$(inherited)",
				);
				INFOPLIST_FILE = "CustomAuthTests/CustomAuthTests-Info.plist";
				PRODUCT_NAME = "$(TARGET_NAME)";
				TEST_HOST = "$(BUNDLE_LOADER)";
				WRAPPER_EXTENSION = xctest;
			};
			name = Debug;
		};
		D204E046190E2682006DF8DB /* Release */ = {
			isa = XCBuildConfiguration;
			buildSettings = {
				BUNDLE_LOADER = "$(BUILT_PRODUCTS_DIR)/CustomAuth.app/CustomAuth";
				FRAMEWORK_SEARCH_PATHS = (
					"$(SDKROOT)/Developer/Library/Frameworks",
					"$(inherited)",
					"$(DEVELOPER_FRAMEWORKS_DIR)",
				);
				GCC_PRECOMPILE_PREFIX_HEADER = YES;
				GCC_PREFIX_HEADER = "CustomAuth/CustomAuth-Prefix.pch";
				INFOPLIST_FILE = "CustomAuthTests/CustomAuthTests-Info.plist";
				PRODUCT_NAME = "$(TARGET_NAME)";
				TEST_HOST = "$(BUNDLE_LOADER)";
				WRAPPER_EXTENSION = xctest;
			};
			name = Release;
		};
/* End XCBuildConfiguration section */

/* Begin XCConfigurationList section */
		D204E007190E2682006DF8DB /* Build configuration list for PBXProject "CustomAuth" */ = {
			isa = XCConfigurationList;
			buildConfigurations = (
				D204E03F190E2682006DF8DB /* Debug */,
				D204E040190E2682006DF8DB /* Release */,
			);
			defaultConfigurationIsVisible = 0;
			defaultConfigurationName = Release;
		};
		D204E041190E2682006DF8DB /* Build configuration list for PBXNativeTarget "CustomAuth" */ = {
			isa = XCConfigurationList;
			buildConfigurations = (
				D204E042190E2682006DF8DB /* Debug */,
				D204E043190E2682006DF8DB /* Release */,
			);
			defaultConfigurationIsVisible = 0;
		};
		D204E044190E2682006DF8DB /* Build configuration list for PBXNativeTarget "CustomAuthTests" */ = {
			isa = XCConfigurationList;
			buildConfigurations = (
				D204E045190E2682006DF8DB /* Debug */,
				D204E046190E2682006DF8DB /* Release */,
			);
			defaultConfigurationIsVisible = 0;
		};
/* End XCConfigurationList section */
	};
	rootObject = D204E004190E2682006DF8DB /* Project object */;
}
